{
  "name": "@dentacarts/dc-webengage-provider",
  "version": "1.0.0",
  "lockfileVersion": 1,
  "requires": true,
  "dependencies": {
    "react-native-webengage": {
      "version": "1.3.0",
      "resolved": "https://registry.npmjs.org/react-native-webengage/-/react-native-webengage-1.3.0.tgz",
      "integrity": "sha512-qxrfeIRzgaaO91efs5PR8So/4m2tVxfcT72W5kAKlOEIcnY/2/gUuwey+pUDmPXqmpqrL+yZ/thf/Yef+57qeg=="
    },
    "typescript": {
      "version": "4.8.3",
      "resolved": "https://registry.npmjs.org/typescript/-/typescript-4.8.3.tgz",
      "integrity": "sha512-goMHfm00nWPa8UvR/CPSvykqf6dVV8x/dp0c5mFTMTIu0u0FlGWRioyy7Nn0PGAdHxpJZnuO/ut+PpQ8UiHAig==",
      "dev": true
    }
  }
}
